# This file is automatically @generated by Cargo.
# It is not intended for manual editing.
version = 3

[[package]]
name = "excercise-04-iterators-and-ownership"
version = "0.1.0"

[[package]]
name = "exercise-01-implicit-conversions"
version = "0.1.0"

[[package]]
name = "exercise-02-arrays-and-for-loops"
version = "0.1.0"

[[package]]
name = "exercise-03-designing-a-library"
version = "0.1.0"

[[package]]
name = "exercise-05-health-statistics"
version = "0.1.0"
